
Microsoft Visual Studio Solution File, Format Version 12.00
# Visual Studio Version 18
VisualStudioVersion = 18.9.12105.275
MinimumVisualStudioVersion = 10.0.40219.1
Project("{9A19103F-16F7-4668-BE54-9A1E7A4F7556}") = "DeepCore", "DeepCore\DeepCore.csproj", "{507ED4D1-B4F6-4D8E-9400-0F42E29E825D}"
EndProject
Project("{9A19103F-16F7-4668-BE54-9A1E7A4F7556}") = "DeepCore.GUI", "DeepCore.GUI\DeepCore.GUI.csproj", "{36C697FD-557E-4357-AD1D-5E71EB1B9F8B}"
EndProject
Project("{9A19103F-16F7-4668-BE54-9A1E7A4F7556}") = "DeepCore.SharpZipLib", "DeepCore.SharpZipLib\DeepCore.SharpZipLib.csproj", "{7230D28F-1A47-4320-90DD-B659B1839382}"
EndProject
Project("{FAE04EC0-301F-11D3-BF4B-00C04F79EFBC}") = "DeepCore.Unity3D", "DeepCore.Unity3D\DeepCore.Unity3D.csproj", "{EE96B1B3-C4CC-4D58-B19A-B4FF850240B4}"
EndProject
Project("{9A19103F-16F7-4668-BE54-9A1E7A4F7556}") = "DeepCore.Template.SLua", "DeepCore.Template.SLua\DeepCore.Template.SLua.csproj", "{5A5EE9E0-7AC4-43B8-895F-9987237CA6E6}"
EndProject
Project("{9A19103F-16F7-4668-BE54-9A1E7A4F7556}") = "DeepCore.Template.MoonSharp", "DeepCore.Template.MoonSharp\DeepCore.Template.MoonSharp.csproj", "{A30EA4FD-1AE1-4E00-AE0B-35F9811E4E05}"
EndProject
Project("{FAE04EC0-301F-11D3-BF4B-00C04F79EFBC}") = "DeepCore.Event", "DeepCore.Event\DeepCore.Event.csproj", "{DD390C6D-219C-733A-8D89-C49116275AEF}"
EndProject
Project("{FAE04EC0-301F-11D3-BF4B-00C04F79EFBC}") = "DeepCore.Event.Debug", "DeepCore.Event.Debug\DeepCore.Event.Debug.csproj", "{F996A73D-15EF-138D-1223-3274F4B49A93}"
EndProject
Project("{FAE04EC0-301F-11D3-BF4B-00C04F79EFBC}") = "DeepCore.Geometry", "DeepCore.Geometry\DeepCore.Geometry.csproj", "{6E28571F-CB48-A537-D2B3-97482ABE71A0}"
EndProject
Project("{FAE04EC0-301F-11D3-BF4B-00C04F79EFBC}") = "DeepCore.GUI.Display", "DeepCore.GUI.Display\DeepCore.GUI.Display.csproj", "{1AC40DB7-A377-1B94-CEA4-0CB01FA3D5BB}"
EndProject
Project("{FAE04EC0-301F-11D3-BF4B-00C04F79EFBC}") = "DeepCore.GUI.FairyGUI", "DeepCore.GUI.FairyGUI\DeepCore.GUI.FairyGUI.csproj", "{B8408501-3708-7EC2-4703-6545C7C03332}"
EndProject
Project("{FAE04EC0-301F-11D3-BF4B-00C04F79EFBC}") = "DeepCore.Net", "DeepCore.Net\DeepCore.Net.csproj", "{1E872850-39FA-0D23-65BF-486B9D2F9A7B}"
EndProject
Project("{FAE04EC0-301F-11D3-BF4B-00C04F79EFBC}") = "DeepCore.Net.WebSocket", "DeepCore.Net.WebSocket\DeepCore.Net.WebSocket.csproj", "{8D8D50B7-D816-B280-9BEE-E5B87B350CA5}"
EndProject
Project("{FAE04EC0-301F-11D3-BF4B-00C04F79EFBC}") = "DeepCore.Template.NewtonJson", "DeepCore.Template.NewtonJson\DeepCore.Template.NewtonJson.csproj", "{C08131EA-1868-BA47-A50F-8095D24F2822}"
EndProject
Project("{FAE04EC0-301F-11D3-BF4B-00C04F79EFBC}") = "DeepCore.Unity", "DeepCore.Unity\DeepCore.Unity.csproj", "{1B0F67C6-0972-DBB2-5470-0B882595690C}"
EndProject
Project("{FAE04EC0-301F-11D3-BF4B-00C04F79EFBC}") = "DeepCore.Unity.Assets", "DeepCore.Unity.Assets\DeepCore.Unity.Assets.csproj", "{26FFFC39-C010-DC61-B8E1-7F9E3B9A9BCA}"
EndProject
Project("{FAE04EC0-301F-11D3-BF4B-00C04F79EFBC}") = "DeepCore.Unity.GUI", "DeepCore.Unity.GUI\DeepCore.Unity.GUI.csproj", "{BACC521E-9B43-4945-CB72-CED7C4D5CC4E}"
EndProject
Project("{FAE04EC0-301F-11D3-BF4B-00C04F79EFBC}") = "DeepCore.Voxel", "DeepCore.Voxel\DeepCore.Voxel.csproj", "{B1E617FE-AC6F-7109-636F-C763344CAB9D}"
EndProject
Project("{FAE04EC0-301F-11D3-BF4B-00C04F79EFBC}") = "DeepCore.UnityEditor", "DeepCore.UnityEditor\DeepCore.UnityEditor.csproj", "{F2DA71C8-AB50-E094-4451-ED9DD35761D1}"
EndProject
Project("{FAE04EC0-301F-11D3-BF4B-00C04F79EFBC}") = "DeepCrystal", "DeepCrystal\DeepCrystal.csproj", "{09C3B43B-8515-67E2-82E7-967ECFBBE597}"
EndProject
Project("{FAE04EC0-301F-11D3-BF4B-00C04F79EFBC}") = "DeepCore.VoxelWorld", "DeepCore.VoxelWorld\DeepCore.VoxelWorld.csproj", "{C03A2BFB-BFB4-A3DF-A2EB-8585CF1A81A8}"
EndProject
Project("{FAE04EC0-301F-11D3-BF4B-00C04F79EFBC}") = "DeepCore.MPQ", "DeepCore.MPQ\DeepCore.MPQ.csproj", "{33A38BDB-6615-BF00-093E-47F6EBF4342D}"
EndProject
Project("{FAE04EC0-301F-11D3-BF4B-00C04F79EFBC}") = "DeepCore.Event.Lua", "DeepCore.Event.Lua\DeepCore.Event.Lua.csproj", "{C0DF04A4-6749-D9B2-F845-C17201314D99}"
EndProject
Project("{FAE04EC0-301F-11D3-BF4B-00C04F79EFBC}") = "DeepEditor.Common", "DeepEditor.Common\DeepEditor.Common.csproj", "{98C3A050-AEF3-1BD2-34C0-A030687820CE}"
EndProject
Project("{FAE04EC0-301F-11D3-BF4B-00C04F79EFBC}") = "DeepFrozen.MySQL", "DeepFrozen.MySQL\DeepFrozen.MySQL.csproj", "{2868BCA1-9121-89E1-5457-F82190DB9C36}"
EndProject
Project("{FAE04EC0-301F-11D3-BF4B-00C04F79EFBC}") = "DeepFrozen.Redis", "DeepFrozen.Redis\DeepFrozen.Redis.csproj", "{6FD0BCAC-815D-3666-5438-E7957379A1D6}"
EndProject
Project("{FAE04EC0-301F-11D3-BF4B-00C04F79EFBC}") = "DeepFrozen.RPC", "DeepFrozen.RPC\DeepFrozen.RPC.csproj", "{3520E408-32D5-EE79-355F-45348CA3E9B4}"
EndProject
Project("{FAE04EC0-301F-11D3-BF4B-00C04F79EFBC}") = "DeepFrozen.RPC.ICE", "DeepFrozen.RPC.ICE\DeepFrozen.RPC.ICE.csproj", "{C62890ED-238A-5A53-ECE3-F5C7DD2AF18B}"
EndProject
Project("{FAE04EC0-301F-11D3-BF4B-00C04F79EFBC}") = "DeepFrozen.Server.NetUV", "DeepFrozen.Server.NetUV\DeepFrozen.Server.NetUV.csproj", "{EA0B1BC9-8579-B842-BD53-3460326DBE4D}"
EndProject
Project("{FAE04EC0-301F-11D3-BF4B-00C04F79EFBC}") = "DeepFrozen.Server.SSocket2", "DeepFrozen.Server.SSocket2\DeepFrozen.Server.SSocket2.csproj", "{B5C06025-3767-2C94-9305-758BB6040FB2}"
EndProject
Project("{FAE04EC0-301F-11D3-BF4B-00C04F79EFBC}") = "DeepMetaGame.Data", "DeepMetaGame.Data\DeepMetaGame.Data.csproj", "{5BE33AA5-804B-A444-ED3A-386116FD39B2}"
EndProject
Project("{FAE04EC0-301F-11D3-BF4B-00C04F79EFBC}") = "DeepMetaGame.Display", "DeepMetaGame.Display\DeepMetaGame.Display.csproj", "{B5359206-A9E5-2669-6F35-54FC8B9BC1E4}"
EndProject
Project("{2150E333-8FDC-42A3-9474-1A3956D46DE8}") = "1.Core", "1.Core", "{40704725-46AC-4365-8F16-4221FBC7B954}"
EndProject
Project("{2150E333-8FDC-42A3-9474-1A3956D46DE8}") = "2.Server", "2.Server", "{92368A75-6D8F-4E65-B336-0E99336BA8A0}"
EndProject
Project("{2150E333-8FDC-42A3-9474-1A3956D46DE8}") = "3.Game", "3.Game", "{33A3F691-89D7-4FBC-9943-D02D75FC2C7F}"
EndProject
Project("{2150E333-8FDC-42A3-9474-1A3956D46DE8}") = "4.MMO", "4.MMO", "{0D406D0C-0AF8-4424-A5A9-F0E89B062AF1}"
EndProject
Project("{FAE04EC0-301F-11D3-BF4B-00C04F79EFBC}") = "DeepMetaGame.Host", "DeepMetaGame.Host\DeepMetaGame.Host.csproj", "{374F8176-150A-27DE-EC4A-20D99C5820B0}"
EndProject
Project("{FAE04EC0-301F-11D3-BF4B-00C04F79EFBC}") = "DeepMetaGame.Slave", "DeepMetaGame.Slave\DeepMetaGame.Slave.csproj", "{9D6E6C56-FC63-DA1A-4B26-EA251C48A8AD}"
EndProject
Project("{FAE04EC0-301F-11D3-BF4B-00C04F79EFBC}") = "DeepMetaGame.Tools", "DeepMetaGame.Tools\DeepMetaGame.Tools.csproj", "{D6641B80-7C88-F940-A2AA-A411607B041E}"
EndProject
Project("{FAE04EC0-301F-11D3-BF4B-00C04F79EFBC}") = "DeepMetaGame.Unity", "DeepMetaGame.Unity\DeepMetaGame.Unity.csproj", "{0AF69CA4-CA6A-E4A4-6EFF-86E018152E41}"
EndProject
Project("{FAE04EC0-301F-11D3-BF4B-00C04F79EFBC}") = "DeepMetaGame.UnityAssets", "DeepMetaGame.UnityAssets\DeepMetaGame.UnityAssets.csproj", "{074B05FE-C2DC-663B-8777-A6B843DD848E}"
EndProject
Project("{FAE04EC0-301F-11D3-BF4B-00C04F79EFBC}") = "DeepMetaGame.UnityPreview", "DeepMetaGame.UnityPreview\DeepMetaGame.UnityPreview.csproj", "{44B5B701-D76D-3ECD-9E1C-A050DB82E9F2}"
EndProject
Project("{FAE04EC0-301F-11D3-BF4B-00C04F79EFBC}") = "DeepMetaGame.Win32", "DeepMetaGame.Win32\DeepMetaGame.Win32.csproj", "{CC019080-818C-CC37-0F2B-844CCB7E4878}"
EndProject
Project("{FAE04EC0-301F-11D3-BF4B-00C04F79EFBC}") = "DeepMetaGame.ZoneClient", "DeepMetaGame.ZoneClient\DeepMetaGame.ZoneClient.csproj", "{30F0D4BB-D4BE-A9EE-CE40-92733550CE35}"
EndProject
Project("{FAE04EC0-301F-11D3-BF4B-00C04F79EFBC}") = "DeepMetaGame.ZoneServer", "DeepMetaGame.ZoneServer\DeepMetaGame.ZoneServer.csproj", "{5300F9D8-CAEC-DABA-9C7C-479338C0FE13}"
EndProject
Project("{FAE04EC0-301F-11D3-BF4B-00C04F79EFBC}") = "DeepOpenAI", "DeepOpenAI\DeepOpenAI.csproj", "{028967B8-FAD4-1F7C-B9FE-53FF1A0029EB}"
EndProject
Project("{FAE04EC0-301F-11D3-BF4B-00C04F79EFBC}") = "DeepTools.CodeGen", "DeepTools.CodeGen\DeepTools.CodeGen.csproj", "{9FF8B82D-8FBE-55F1-7A34-94C644A5C922}"
EndProject
Project("{2150E333-8FDC-42A3-9474-1A3956D46DE8}") = "5.Tools", "5.Tools", "{0D818455-A444-4522-A8EF-72AAEB4E8B31}"
EndProject
Project("{FAE04EC0-301F-11D3-BF4B-00C04F79EFBC}") = "DeepTools.DBLauncher", "DeepTools.DBLauncher\DeepTools.DBLauncher.csproj", "{AFC3CBD4-A1B8-8B33-EF2A-BA9A4CDC1788}"
EndProject
Project("{FAE04EC0-301F-11D3-BF4B-00C04F79EFBC}") = "DeepTools.GUI", "DeepTools.GUI\DeepTools.GUI.csproj", "{838E1CD5-BCF1-680A-59CE-D1428E8F93CB}"
EndProject
Project("{FAE04EC0-301F-11D3-BF4B-00C04F79EFBC}") = "DeepTools.Image", "DeepTools.Image\DeepTools.Image.csproj", "{E6085CE0-6A21-DA78-4876-3DE4D4531468}"
EndProject
Project("{FAE04EC0-301F-11D3-BF4B-00C04F79EFBC}") = "DeepTools.MPQ", "DeepTools.MPQ\DeepTools.MPQ.csproj", "{78A756B0-9DB6-8866-CE4D-BA2AB3620395}"
EndProject
Project("{FAE04EC0-301F-11D3-BF4B-00C04F79EFBC}") = "DeepTools.MPQUpdate", "DeepTools.MPQUpdate\DeepTools.MPQUpdate.csproj", "{98704B1F-3508-7E85-687B-7A986A32AF80}"
EndProject
Project("{FAE04EC0-301F-11D3-BF4B-00C04F79EFBC}") = "DeepTools.NuGetIncrement", "DeepTools.NuGetIncrement\DeepTools.NuGetIncrement.csproj", "{DFD411F6-8C3A-4C37-F53F-E4A915D17479}"
EndProject
Project("{FAE04EC0-301F-11D3-BF4B-00C04F79EFBC}") = "DeepTools.SvnCombiner", "DeepTools.SvnCombiner\DeepTools.SvnCombiner.csproj", "{401712B3-811B-47A5-64CA-1DE3887DAF31}"
EndProject
Project("{FAE04EC0-301F-11D3-BF4B-00C04F79EFBC}") = "DeepTools.Voxel", "DeepTools.Voxel\DeepTools.Voxel.csproj", "{26EFA054-5A1D-35E1-065C-8A696002583A}"
EndProject
Project("{FAE04EC0-301F-11D3-BF4B-00C04F79EFBC}") = "DeepTools.XLS2Lang", "DeepTools.XLS2Lang\DeepTools.XLS2Lang.csproj", "{76186D1B-561B-9028-AF61-B5314E424A13}"
EndProject
Project("{FAE04EC0-301F-11D3-BF4B-00C04F79EFBC}") = "Gate.Client", "Gate.Client\Gate.Client.csproj", "{0F53040E-87A5-FDE1-5328-90D9471EF555}"
EndProject
Project("{FAE04EC0-301F-11D3-BF4B-00C04F79EFBC}") = "Gate.Data", "Gate.Data\Gate.Data.csproj", "{B3F7A2D0-7F66-1A1B-0F70-8DF955FC651D}"
EndProject
Project("{FAE04EC0-301F-11D3-BF4B-00C04F79EFBC}") = "Gate.Server", "Gate.Server\Gate.Server.csproj", "{1EA23B14-CDC6-A071-F860-F030D2046954}"
EndProject
Project("{FAE04EC0-301F-11D3-BF4B-00C04F79EFBC}") = "Gate.Server.Main", "Gate.Server.Main\Gate.Server.Main.csproj", "{C76098B8-CA8C-52FE-9BD1-017F86111FBF}"
EndProject
Project("{FAE04EC0-301F-11D3-BF4B-00C04F79EFBC}") = "MMO.Client", "MMO.Client\MMO.Client.csproj", "{A4A5D3DD-E3D3-9FCE-ED37-D6A9A87A9D2F}"
EndProject
Project("{FAE04EC0-301F-11D3-BF4B-00C04F79EFBC}") = "MMO.Server", "MMO.Server\MMO.Server.csproj", "{392ABCB9-76B2-4969-B93F-169EE1B1B962}"
EndProject
Project("{FAE04EC0-301F-11D3-BF4B-00C04F79EFBC}") = "MMO.Server.Main", "MMO.Server.Main\MMO.Server.Main.csproj", "{5E8BE4E1-FCEC-40E5-2946-0C3993D70DDB}"
EndProject
Project("{FAE04EC0-301F-11D3-BF4B-00C04F79EFBC}") = "DeepCore.Console", "DeepCore.Console\DeepCore.Console.csproj", "{976A8A3A-57DB-BAD9-FD1F-07820BCA9D3E}"
EndProject
Project("{2150E333-8FDC-42A3-9474-1A3956D46DE8}") = "6.Editor", "6.Editor", "{6539DA06-5CA5-4DF8-8EF8-5B66492AB840}"
EndProject
Project("{FAE04EC0-301F-11D3-BF4B-00C04F79EFBC}") = "DeepGameEditor3D.Main", "DeepEditorMain\DeepGameEditor3D.Main\DeepGameEditor3D.Main.csproj", "{A7009F6D-256D-DFCF-7225-9A4C1E46DF56}"
EndProject
Project("{FAE04EC0-301F-11D3-BF4B-00C04F79EFBC}") = "DeepGameEditor3D.MMO", "DeepEditorMain\DeepGameEditor3D.MMO\DeepGameEditor3D.MMO.csproj", "{1B8C2985-3CC5-94EA-76C4-C235EA36847E}"
EndProject
Project("{FAE04EC0-301F-11D3-BF4B-00C04F79EFBC}") = "DeepGameEditor3D.MMOServer", "DeepEditorMain\DeepGameEditor3D.MMOServer\DeepGameEditor3D.MMOServer.csproj", "{6D09E497-893B-C170-7C72-72EB5116B11F}"
EndProject
Project("{FAE04EC0-301F-11D3-BF4B-00C04F79EFBC}") = "DeepGameEditor3D.Packages", "DeepEditorMain\DeepGameEditor3D.Packages\DeepGameEditor3D.Packages.csproj", "{EE439E8E-EF3F-3A9F-4DBB-7AE4357C2766}"
EndProject
Project("{FAE04EC0-301F-11D3-BF4B-00C04F79EFBC}") = "DeepGameEditor3D.Plugin3D", "DeepEditorMain\DeepGameEditor3D.Plugin3D\DeepGameEditor3D.Plugin3D.csproj", "{451666AA-9990-E821-5320-6A5407CD40F5}"
EndProject
Project("{FAE04EC0-301F-11D3-BF4B-00C04F79EFBC}") = "DeepGameEditor3D.Unity3D", "DeepEditorMain\DeepGameEditor3D.Unity3D\DeepGameEditor3D.Unity3D.csproj", "{FB3AFFD9-AB08-64F6-3132-4BA1CEF42935}"
EndProject
Project("{FAE04EC0-301F-11D3-BF4B-00C04F79EFBC}") = "DeepGameEditor3D.Unity3D.Ipc", "DeepEditorMain\DeepGameEditor3D.Unity3D.Ipc\DeepGameEditor3D.Unity3D.Ipc.csproj", "{1FBB8310-BF03-D3EB-F2D7-C482891DD4D6}"
EndProject
Project("{2150E333-8FDC-42A3-9474-1A3956D46DE8}") = "6.EditorBuild", "6.EditorBuild", "{DB87B92A-FD3C-481F-9051-B9FE42DEB107}"
EndProject
Global
	GlobalSection(SolutionConfigurationPlatforms) = preSolution
		Debug|Any CPU = Debug|Any CPU
		Release|Any CPU = Release|Any CPU
	EndGlobalSection
	GlobalSection(ProjectConfigurationPlatforms) = postSolution
		{507ED4D1-B4F6-4D8E-9400-0F42E29E825D}.Debug|Any CPU.ActiveCfg = Debug|Any CPU
		{507ED4D1-B4F6-4D8E-9400-0F42E29E825D}.Debug|Any CPU.Build.0 = Debug|Any CPU
		{507ED4D1-B4F6-4D8E-9400-0F42E29E825D}.Release|Any CPU.ActiveCfg = Release|Any CPU
		{507ED4D1-B4F6-4D8E-9400-0F42E29E825D}.Release|Any CPU.Build.0 = Release|Any CPU
		{36C697FD-557E-4357-AD1D-5E71EB1B9F8B}.Debug|Any CPU.ActiveCfg = Debug|Any CPU
		{36C697FD-557E-4357-AD1D-5E71EB1B9F8B}.Debug|Any CPU.Build.0 = Debug|Any CPU
		{36C697FD-557E-4357-AD1D-5E71EB1B9F8B}.Release|Any CPU.ActiveCfg = Release|Any CPU
		{36C697FD-557E-4357-AD1D-5E71EB1B9F8B}.Release|Any CPU.Build.0 = Release|Any CPU
		{7230D28F-1A47-4320-90DD-B659B1839382}.Debug|Any CPU.ActiveCfg = Debug|Any CPU
		{7230D28F-1A47-4320-90DD-B659B1839382}.Debug|Any CPU.Build.0 = Debug|Any CPU
		{7230D28F-1A47-4320-90DD-B659B1839382}.Release|Any CPU.ActiveCfg = Release|Any CPU
		{7230D28F-1A47-4320-90DD-B659B1839382}.Release|Any CPU.Build.0 = Release|Any CPU
		{EE96B1B3-C4CC-4D58-B19A-B4FF850240B4}.Debug|Any CPU.ActiveCfg = Debug|Any CPU
		{EE96B1B3-C4CC-4D58-B19A-B4FF850240B4}.Debug|Any CPU.Build.0 = Debug|Any CPU
		{EE96B1B3-C4CC-4D58-B19A-B4FF850240B4}.Release|Any CPU.ActiveCfg = Release|Any CPU
		{EE96B1B3-C4CC-4D58-B19A-B4FF850240B4}.Release|Any CPU.Build.0 = Release|Any CPU
		{5A5EE9E0-7AC4-43B8-895F-9987237CA6E6}.Debug|Any CPU.ActiveCfg = Debug|Any CPU
		{5A5EE9E0-7AC4-43B8-895F-9987237CA6E6}.Debug|Any CPU.Build.0 = Debug|Any CPU
		{5A5EE9E0-7AC4-43B8-895F-9987237CA6E6}.Release|Any CPU.ActiveCfg = Release|Any CPU
		{5A5EE9E0-7AC4-43B8-895F-9987237CA6E6}.Release|Any CPU.Build.0 = Release|Any CPU
		{A30EA4FD-1AE1-4E00-AE0B-35F9811E4E05}.Debug|Any CPU.ActiveCfg = Debug|Any CPU
		{A30EA4FD-1AE1-4E00-AE0B-35F9811E4E05}.Debug|Any CPU.Build.0 = Debug|Any CPU
		{A30EA4FD-1AE1-4E00-AE0B-35F9811E4E05}.Release|Any CPU.ActiveCfg = Release|Any CPU
		{A30EA4FD-1AE1-4E00-AE0B-35F9811E4E05}.Release|Any CPU.Build.0 = Release|Any CPU
		{DD390C6D-219C-733A-8D89-C49116275AEF}.Debug|Any CPU.ActiveCfg = Debug|Any CPU
		{DD390C6D-219C-733A-8D89-C49116275AEF}.Debug|Any CPU.Build.0 = Debug|Any CPU
		{DD390C6D-219C-733A-8D89-C49116275AEF}.Release|Any CPU.ActiveCfg = Release|Any CPU
		{DD390C6D-219C-733A-8D89-C49116275AEF}.Release|Any CPU.Build.0 = Release|Any CPU
		{F996A73D-15EF-138D-1223-3274F4B49A93}.Debug|Any CPU.ActiveCfg = Debug|Any CPU
		{F996A73D-15EF-138D-1223-3274F4B49A93}.Debug|Any CPU.Build.0 = Debug|Any CPU
		{F996A73D-15EF-138D-1223-3274F4B49A93}.Release|Any CPU.ActiveCfg = Release|Any CPU
		{F996A73D-15EF-138D-1223-3274F4B49A93}.Release|Any CPU.Build.0 = Release|Any CPU
		{6E28571F-CB48-A537-D2B3-97482ABE71A0}.Debug|Any CPU.ActiveCfg = Debug|Any CPU
		{6E28571F-CB48-A537-D2B3-97482ABE71A0}.Debug|Any CPU.Build.0 = Debug|Any CPU
		{6E28571F-CB48-A537-D2B3-97482ABE71A0}.Release|Any CPU.ActiveCfg = Release|Any CPU
		{6E28571F-CB48-A537-D2B3-97482ABE71A0}.Release|Any CPU.Build.0 = Release|Any CPU
		{1AC40DB7-A377-1B94-CEA4-0CB01FA3D5BB}.Debug|Any CPU.ActiveCfg = Debug|Any CPU
		{1AC40DB7-A377-1B94-CEA4-0CB01FA3D5BB}.Debug|Any CPU.Build.0 = Debug|Any CPU
		{1AC40DB7-A377-1B94-CEA4-0CB01FA3D5BB}.Release|Any CPU.ActiveCfg = Release|Any CPU
		{1AC40DB7-A377-1B94-CEA4-0CB01FA3D5BB}.Release|Any CPU.Build.0 = Release|Any CPU
		{B8408501-3708-7EC2-4703-6545C7C03332}.Debug|Any CPU.ActiveCfg = Debug|Any CPU
		{B8408501-3708-7EC2-4703-6545C7C03332}.Debug|Any CPU.Build.0 = Debug|Any CPU
		{B8408501-3708-7EC2-4703-6545C7C03332}.Release|Any CPU.ActiveCfg = Release|Any CPU
		{B8408501-3708-7EC2-4703-6545C7C03332}.Release|Any CPU.Build.0 = Release|Any CPU
		{1E872850-39FA-0D23-65BF-486B9D2F9A7B}.Debug|Any CPU.ActiveCfg = Debug|Any CPU
		{1E872850-39FA-0D23-65BF-486B9D2F9A7B}.Debug|Any CPU.Build.0 = Debug|Any CPU
		{1E872850-39FA-0D23-65BF-486B9D2F9A7B}.Release|Any CPU.ActiveCfg = Release|Any CPU
		{1E872850-39FA-0D23-65BF-486B9D2F9A7B}.Release|Any CPU.Build.0 = Release|Any CPU
		{8D8D50B7-D816-B280-9BEE-E5B87B350CA5}.Debug|Any CPU.ActiveCfg = Debug|Any CPU
		{8D8D50B7-D816-B280-9BEE-E5B87B350CA5}.Debug|Any CPU.Build.0 = Debug|Any CPU
		{8D8D50B7-D816-B280-9BEE-E5B87B350CA5}.Release|Any CPU.ActiveCfg = Release|Any CPU
		{8D8D50B7-D816-B280-9BEE-E5B87B350CA5}.Release|Any CPU.Build.0 = Release|Any CPU
		{C08131EA-1868-BA47-A50F-8095D24F2822}.Debug|Any CPU.ActiveCfg = Debug|Any CPU
		{C08131EA-1868-BA47-A50F-8095D24F2822}.Debug|Any CPU.Build.0 = Debug|Any CPU
		{C08131EA-1868-BA47-A50F-8095D24F2822}.Release|Any CPU.ActiveCfg = Release|Any CPU
		{C08131EA-1868-BA47-A50F-8095D24F2822}.Release|Any CPU.Build.0 = Release|Any CPU
		{1B0F67C6-0972-DBB2-5470-0B882595690C}.Debug|Any CPU.ActiveCfg = Debug|Any CPU
		{1B0F67C6-0972-DBB2-5470-0B882595690C}.Debug|Any CPU.Build.0 = Debug|Any CPU
		{1B0F67C6-0972-DBB2-5470-0B882595690C}.Release|Any CPU.ActiveCfg = Release|Any CPU
		{1B0F67C6-0972-DBB2-5470-0B882595690C}.Release|Any CPU.Build.0 = Release|Any CPU
		{26FFFC39-C010-DC61-B8E1-7F9E3B9A9BCA}.Debug|Any CPU.ActiveCfg = Debug|Any CPU
		{26FFFC39-C010-DC61-B8E1-7F9E3B9A9BCA}.Debug|Any CPU.Build.0 = Debug|Any CPU
		{26FFFC39-C010-DC61-B8E1-7F9E3B9A9BCA}.Release|Any CPU.ActiveCfg = Release|Any CPU
		{26FFFC39-C010-DC61-B8E1-7F9E3B9A9BCA}.Release|Any CPU.Build.0 = Release|Any CPU
		{BACC521E-9B43-4945-CB72-CED7C4D5CC4E}.Debug|Any CPU.ActiveCfg = Debug|Any CPU
		{BACC521E-9B43-4945-CB72-CED7C4D5CC4E}.Debug|Any CPU.Build.0 = Debug|Any CPU
		{BACC521E-9B43-4945-CB72-CED7C4D5CC4E}.Release|Any CPU.ActiveCfg = Release|Any CPU
		{BACC521E-9B43-4945-CB72-CED7C4D5CC4E}.Release|Any CPU.Build.0 = Release|Any CPU
		{B1E617FE-AC6F-7109-636F-C763344CAB9D}.Debug|Any CPU.ActiveCfg = Debug|Any CPU
		{B1E617FE-AC6F-7109-636F-C763344CAB9D}.Debug|Any CPU.Build.0 = Debug|Any CPU
		{B1E617FE-AC6F-7109-636F-C763344CAB9D}.Release|Any CPU.ActiveCfg = Release|Any CPU
		{B1E617FE-AC6F-7109-636F-C763344CAB9D}.Release|Any CPU.Build.0 = Release|Any CPU
		{F2DA71C8-AB50-E094-4451-ED9DD35761D1}.Debug|Any CPU.ActiveCfg = Debug|Any CPU
		{F2DA71C8-AB50-E094-4451-ED9DD35761D1}.Debug|Any CPU.Build.0 = Debug|Any CPU
		{F2DA71C8-AB50-E094-4451-ED9DD35761D1}.Release|Any CPU.ActiveCfg = Release|Any CPU
		{F2DA71C8-AB50-E094-4451-ED9DD35761D1}.Release|Any CPU.Build.0 = Release|Any CPU
		{09C3B43B-8515-67E2-82E7-967ECFBBE597}.Debug|Any CPU.ActiveCfg = Debug|Any CPU
		{09C3B43B-8515-67E2-82E7-967ECFBBE597}.Debug|Any CPU.Build.0 = Debug|Any CPU
		{09C3B43B-8515-67E2-82E7-967ECFBBE597}.Release|Any CPU.ActiveCfg = Release|Any CPU
		{09C3B43B-8515-67E2-82E7-967ECFBBE597}.Release|Any CPU.Build.0 = Release|Any CPU
		{C03A2BFB-BFB4-A3DF-A2EB-8585CF1A81A8}.Debug|Any CPU.ActiveCfg = Debug|Any CPU
		{C03A2BFB-BFB4-A3DF-A2EB-8585CF1A81A8}.Debug|Any CPU.Build.0 = Debug|Any CPU
		{C03A2BFB-BFB4-A3DF-A2EB-8585CF1A81A8}.Release|Any CPU.ActiveCfg = Release|Any CPU
		{C03A2BFB-BFB4-A3DF-A2EB-8585CF1A81A8}.Release|Any CPU.Build.0 = Release|Any CPU
		{33A38BDB-6615-BF00-093E-47F6EBF4342D}.Debug|Any CPU.ActiveCfg = Debug|Any CPU
		{33A38BDB-6615-BF00-093E-47F6EBF4342D}.Debug|Any CPU.Build.0 = Debug|Any CPU
		{33A38BDB-6615-BF00-093E-47F6EBF4342D}.Release|Any CPU.ActiveCfg = Release|Any CPU
		{33A38BDB-6615-BF00-093E-47F6EBF4342D}.Release|Any CPU.Build.0 = Release|Any CPU
		{C0DF04A4-6749-D9B2-F845-C17201314D99}.Debug|Any CPU.ActiveCfg = Debug|Any CPU
		{C0DF04A4-6749-D9B2-F845-C17201314D99}.Debug|Any CPU.Build.0 = Debug|Any CPU
		{C0DF04A4-6749-D9B2-F845-C17201314D99}.Release|Any CPU.ActiveCfg = Release|Any CPU
		{C0DF04A4-6749-D9B2-F845-C17201314D99}.Release|Any CPU.Build.0 = Release|Any CPU
		{98C3A050-AEF3-1BD2-34C0-A030687820CE}.Debug|Any CPU.ActiveCfg = Debug|Any CPU
		{98C3A050-AEF3-1BD2-34C0-A030687820CE}.Debug|Any CPU.Build.0 = Debug|Any CPU
		{98C3A050-AEF3-1BD2-34C0-A030687820CE}.Release|Any CPU.ActiveCfg = Release|Any CPU
		{98C3A050-AEF3-1BD2-34C0-A030687820CE}.Release|Any CPU.Build.0 = Release|Any CPU
		{2868BCA1-9121-89E1-5457-F82190DB9C36}.Debug|Any CPU.ActiveCfg = Debug|Any CPU
		{2868BCA1-9121-89E1-5457-F82190DB9C36}.Debug|Any CPU.Build.0 = Debug|Any CPU
		{2868BCA1-9121-89E1-5457-F82190DB9C36}.Release|Any CPU.ActiveCfg = Release|Any CPU
		{2868BCA1-9121-89E1-5457-F82190DB9C36}.Release|Any CPU.Build.0 = Release|Any CPU
		{6FD0BCAC-815D-3666-5438-E7957379A1D6}.Debug|Any CPU.ActiveCfg = Debug|Any CPU
		{6FD0BCAC-815D-3666-5438-E7957379A1D6}.Debug|Any CPU.Build.0 = Debug|Any CPU
		{6FD0BCAC-815D-3666-5438-E7957379A1D6}.Release|Any CPU.ActiveCfg = Release|Any CPU
		{6FD0BCAC-815D-3666-5438-E7957379A1D6}.Release|Any CPU.Build.0 = Release|Any CPU
		{3520E408-32D5-EE79-355F-45348CA3E9B4}.Debug|Any CPU.ActiveCfg = Debug|Any CPU
		{3520E408-32D5-EE79-355F-45348CA3E9B4}.Debug|Any CPU.Build.0 = Debug|Any CPU
		{3520E408-32D5-EE79-355F-45348CA3E9B4}.Release|Any CPU.ActiveCfg = Release|Any CPU
		{3520E408-32D5-EE79-355F-45348CA3E9B4}.Release|Any CPU.Build.0 = Release|Any CPU
		{C62890ED-238A-5A53-ECE3-F5C7DD2AF18B}.Debug|Any CPU.ActiveCfg = Debug|Any CPU
		{C62890ED-238A-5A53-ECE3-F5C7DD2AF18B}.Debug|Any CPU.Build.0 = Debug|Any CPU
		{C62890ED-238A-5A53-ECE3-F5C7DD2AF18B}.Release|Any CPU.ActiveCfg = Release|Any CPU
		{C62890ED-238A-5A53-ECE3-F5C7DD2AF18B}.Release|Any CPU.Build.0 = Release|Any CPU
		{EA0B1BC9-8579-B842-BD53-3460326DBE4D}.Debug|Any CPU.ActiveCfg = Debug|Any CPU
		{EA0B1BC9-8579-B842-BD53-3460326DBE4D}.Debug|Any CPU.Build.0 = Debug|Any CPU
		{EA0B1BC9-8579-B842-BD53-3460326DBE4D}.Release|Any CPU.ActiveCfg = Release|Any CPU
		{EA0B1BC9-8579-B842-BD53-3460326DBE4D}.Release|Any CPU.Build.0 = Release|Any CPU
		{B5C06025-3767-2C94-9305-758BB6040FB2}.Debug|Any CPU.ActiveCfg = Debug|Any CPU
		{B5C06025-3767-2C94-9305-758BB6040FB2}.Debug|Any CPU.Build.0 = Debug|Any CPU
		{B5C06025-3767-2C94-9305-758BB6040FB2}.Release|Any CPU.ActiveCfg = Release|Any CPU
		{B5C06025-3767-2C94-9305-758BB6040FB2}.Release|Any CPU.Build.0 = Release|Any CPU
		{5BE33AA5-804B-A444-ED3A-386116FD39B2}.Debug|Any CPU.ActiveCfg = Debug|Any CPU
		{5BE33AA5-804B-A444-ED3A-386116FD39B2}.Debug|Any CPU.Build.0 = Debug|Any CPU
		{5BE33AA5-804B-A444-ED3A-386116FD39B2}.Release|Any CPU.ActiveCfg = Release|Any CPU
		{5BE33AA5-804B-A444-ED3A-386116FD39B2}.Release|Any CPU.Build.0 = Release|Any CPU
		{B5359206-A9E5-2669-6F35-54FC8B9BC1E4}.Debug|Any CPU.ActiveCfg = Debug|Any CPU
		{B5359206-A9E5-2669-6F35-54FC8B9BC1E4}.Debug|Any CPU.Build.0 = Debug|Any CPU
		{B5359206-A9E5-2669-6F35-54FC8B9BC1E4}.Release|Any CPU.ActiveCfg = Release|Any CPU
		{B5359206-A9E5-2669-6F35-54FC8B9BC1E4}.Release|Any CPU.Build.0 = Release|Any CPU
		{374F8176-150A-27DE-EC4A-20D99C5820B0}.Debug|Any CPU.ActiveCfg = Debug|Any CPU
		{374F8176-150A-27DE-EC4A-20D99C5820B0}.Debug|Any CPU.Build.0 = Debug|Any CPU
		{374F8176-150A-27DE-EC4A-20D99C5820B0}.Release|Any CPU.ActiveCfg = Release|Any CPU
		{374F8176-150A-27DE-EC4A-20D99C5820B0}.Release|Any CPU.Build.0 = Release|Any CPU
		{9D6E6C56-FC63-DA1A-4B26-EA251C48A8AD}.Debug|Any CPU.ActiveCfg = Debug|Any CPU
		{9D6E6C56-FC63-DA1A-4B26-EA251C48A8AD}.Debug|Any CPU.Build.0 = Debug|Any CPU
		{9D6E6C56-FC63-DA1A-4B26-EA251C48A8AD}.Release|Any CPU.ActiveCfg = Release|Any CPU
		{9D6E6C56-FC63-DA1A-4B26-EA251C48A8AD}.Release|Any CPU.Build.0 = Release|Any CPU
		{D6641B80-7C88-F940-A2AA-A411607B041E}.Debug|Any CPU.ActiveCfg = Debug|Any CPU
		{D6641B80-7C88-F940-A2AA-A411607B041E}.Debug|Any CPU.Build.0 = Debug|Any CPU
		{D6641B80-7C88-F940-A2AA-A411607B041E}.Release|Any CPU.ActiveCfg = Release|Any CPU
		{D6641B80-7C88-F940-A2AA-A411607B041E}.Release|Any CPU.Build.0 = Release|Any CPU
		{0AF69CA4-CA6A-E4A4-6EFF-86E018152E41}.Debug|Any CPU.ActiveCfg = Debug|Any CPU
		{0AF69CA4-CA6A-E4A4-6EFF-86E018152E41}.Debug|Any CPU.Build.0 = Debug|Any CPU
		{0AF69CA4-CA6A-E4A4-6EFF-86E018152E41}.Release|Any CPU.ActiveCfg = Release|Any CPU
		{0AF69CA4-CA6A-E4A4-6EFF-86E018152E41}.Release|Any CPU.Build.0 = Release|Any CPU
		{074B05FE-C2DC-663B-8777-A6B843DD848E}.Debug|Any CPU.ActiveCfg = Debug|Any CPU
		{074B05FE-C2DC-663B-8777-A6B843DD848E}.Debug|Any CPU.Build.0 = Debug|Any CPU
		{074B05FE-C2DC-663B-8777-A6B843DD848E}.Release|Any CPU.ActiveCfg = Release|Any CPU
		{074B05FE-C2DC-663B-8777-A6B843DD848E}.Release|Any CPU.Build.0 = Release|Any CPU
		{44B5B701-D76D-3ECD-9E1C-A050DB82E9F2}.Debug|Any CPU.ActiveCfg = Debug|Any CPU
		{44B5B701-D76D-3ECD-9E1C-A050DB82E9F2}.Debug|Any CPU.Build.0 = Debug|Any CPU
		{44B5B701-D76D-3ECD-9E1C-A050DB82E9F2}.Release|Any CPU.ActiveCfg = Release|Any CPU
		{44B5B701-D76D-3ECD-9E1C-A050DB82E9F2}.Release|Any CPU.Build.0 = Release|Any CPU
		{CC019080-818C-CC37-0F2B-844CCB7E4878}.Debug|Any CPU.ActiveCfg = Debug|Any CPU
		{CC019080-818C-CC37-0F2B-844CCB7E4878}.Debug|Any CPU.Build.0 = Debug|Any CPU
		{CC019080-818C-CC37-0F2B-844CCB7E4878}.Release|Any CPU.ActiveCfg = Release|Any CPU
		{CC019080-818C-CC37-0F2B-844CCB7E4878}.Release|Any CPU.Build.0 = Release|Any CPU
		{30F0D4BB-D4BE-A9EE-CE40-92733550CE35}.Debug|Any CPU.ActiveCfg = Debug|Any CPU
		{30F0D4BB-D4BE-A9EE-CE40-92733550CE35}.Debug|Any CPU.Build.0 = Debug|Any CPU
		{30F0D4BB-D4BE-A9EE-CE40-92733550CE35}.Release|Any CPU.ActiveCfg = Release|Any CPU
		{30F0D4BB-D4BE-A9EE-CE40-92733550CE35}.Release|Any CPU.Build.0 = Release|Any CPU
		{5300F9D8-CAEC-DABA-9C7C-479338C0FE13}.Debug|Any CPU.ActiveCfg = Debug|Any CPU
		{5300F9D8-CAEC-DABA-9C7C-479338C0FE13}.Debug|Any CPU.Build.0 = Debug|Any CPU
		{5300F9D8-CAEC-DABA-9C7C-479338C0FE13}.Release|Any CPU.ActiveCfg = Release|Any CPU
		{5300F9D8-CAEC-DABA-9C7C-479338C0FE13}.Release|Any CPU.Build.0 = Release|Any CPU
		{028967B8-FAD4-1F7C-B9FE-53FF1A0029EB}.Debug|Any CPU.ActiveCfg = Debug|Any CPU
		{028967B8-FAD4-1F7C-B9FE-53FF1A0029EB}.Debug|Any CPU.Build.0 = Debug|Any CPU
		{028967B8-FAD4-1F7C-B9FE-53FF1A0029EB}.Release|Any CPU.ActiveCfg = Release|Any CPU
		{028967B8-FAD4-1F7C-B9FE-53FF1A0029EB}.Release|Any CPU.Build.0 = Release|Any CPU
		{9FF8B82D-8FBE-55F1-7A34-94C644A5C922}.Debug|Any CPU.ActiveCfg = Debug|Any CPU
		{9FF8B82D-8FBE-55F1-7A34-94C644A5C922}.Debug|Any CPU.Build.0 = Debug|Any CPU
		{9FF8B82D-8FBE-55F1-7A34-94C644A5C922}.Release|Any CPU.ActiveCfg = Release|Any CPU
		{9FF8B82D-8FBE-55F1-7A34-94C644A5C922}.Release|Any CPU.Build.0 = Release|Any CPU
		{AFC3CBD4-A1B8-8B33-EF2A-BA9A4CDC1788}.Debug|Any CPU.ActiveCfg = Debug|Any CPU
		{AFC3CBD4-A1B8-8B33-EF2A-BA9A4CDC1788}.Debug|Any CPU.Build.0 = Debug|Any CPU
		{AFC3CBD4-A1B8-8B33-EF2A-BA9A4CDC1788}.Release|Any CPU.ActiveCfg = Release|Any CPU
		{AFC3CBD4-A1B8-8B33-EF2A-BA9A4CDC1788}.Release|Any CPU.Build.0 = Release|Any CPU
		{838E1CD5-BCF1-680A-59CE-D1428E8F93CB}.Debug|Any CPU.ActiveCfg = Debug|Any CPU
		{838E1CD5-BCF1-680A-59CE-D1428E8F93CB}.Debug|Any CPU.Build.0 = Debug|Any CPU
		{838E1CD5-BCF1-680A-59CE-D1428E8F93CB}.Release|Any CPU.ActiveCfg = Release|Any CPU
		{838E1CD5-BCF1-680A-59CE-D1428E8F93CB}.Release|Any CPU.Build.0 = Release|Any CPU
		{E6085CE0-6A21-DA78-4876-3DE4D4531468}.Debug|Any CPU.ActiveCfg = Debug|Any CPU
		{E6085CE0-6A21-DA78-4876-3DE4D4531468}.Debug|Any CPU.Build.0 = Debug|Any CPU
		{E6085CE0-6A21-DA78-4876-3DE4D4531468}.Release|Any CPU.ActiveCfg = Release|Any CPU
		{E6085CE0-6A21-DA78-4876-3DE4D4531468}.Release|Any CPU.Build.0 = Release|Any CPU
		{78A756B0-9DB6-8866-CE4D-BA2AB3620395}.Debug|Any CPU.ActiveCfg = Debug|Any CPU
		{78A756B0-9DB6-8866-CE4D-BA2AB3620395}.Debug|Any CPU.Build.0 = Debug|Any CPU
		{78A756B0-9DB6-8866-CE4D-BA2AB3620395}.Release|Any CPU.ActiveCfg = Release|Any CPU
		{78A756B0-9DB6-8866-CE4D-BA2AB3620395}.Release|Any CPU.Build.0 = Release|Any CPU
		{98704B1F-3508-7E85-687B-7A986A32AF80}.Debug|Any CPU.ActiveCfg = Debug|Any CPU
		{98704B1F-3508-7E85-687B-7A986A32AF80}.Debug|Any CPU.Build.0 = Debug|Any CPU
		{98704B1F-3508-7E85-687B-7A986A32AF80}.Release|Any CPU.ActiveCfg = Release|Any CPU
		{98704B1F-3508-7E85-687B-7A986A32AF80}.Release|Any CPU.Build.0 = Release|Any CPU
		{DFD411F6-8C3A-4C37-F53F-E4A915D17479}.Debug|Any CPU.ActiveCfg = Debug|Any CPU
		{DFD411F6-8C3A-4C37-F53F-E4A915D17479}.Debug|Any CPU.Build.0 = Debug|Any CPU
		{DFD411F6-8C3A-4C37-F53F-E4A915D17479}.Release|Any CPU.ActiveCfg = Release|Any CPU
		{DFD411F6-8C3A-4C37-F53F-E4A915D17479}.Release|Any CPU.Build.0 = Release|Any CPU
		{401712B3-811B-47A5-64CA-1DE3887DAF31}.Debug|Any CPU.ActiveCfg = Debug|Any CPU
		{401712B3-811B-47A5-64CA-1DE3887DAF31}.Debug|Any CPU.Build.0 = Debug|Any CPU
		{401712B3-811B-47A5-64CA-1DE3887DAF31}.Release|Any CPU.ActiveCfg = Release|Any CPU
		{401712B3-811B-47A5-64CA-1DE3887DAF31}.Release|Any CPU.Build.0 = Release|Any CPU
		{26EFA054-5A1D-35E1-065C-8A696002583A}.Debug|Any CPU.ActiveCfg = Debug|Any CPU
		{26EFA054-5A1D-35E1-065C-8A696002583A}.Debug|Any CPU.Build.0 = Debug|Any CPU
		{26EFA054-5A1D-35E1-065C-8A696002583A}.Release|Any CPU.ActiveCfg = Release|Any CPU
		{26EFA054-5A1D-35E1-065C-8A696002583A}.Release|Any CPU.Build.0 = Release|Any CPU
		{76186D1B-561B-9028-AF61-B5314E424A13}.Debug|Any CPU.ActiveCfg = Debug|Any CPU
		{76186D1B-561B-9028-AF61-B5314E424A13}.Debug|Any CPU.Build.0 = Debug|Any CPU
		{76186D1B-561B-9028-AF61-B5314E424A13}.Release|Any CPU.ActiveCfg = Release|Any CPU
		{76186D1B-561B-9028-AF61-B5314E424A13}.Release|Any CPU.Build.0 = Release|Any CPU
		{0F53040E-87A5-FDE1-5328-90D9471EF555}.Debug|Any CPU.ActiveCfg = Debug|Any CPU
		{0F53040E-87A5-FDE1-5328-90D9471EF555}.Debug|Any CPU.Build.0 = Debug|Any CPU
		{0F53040E-87A5-FDE1-5328-90D9471EF555}.Release|Any CPU.ActiveCfg = Release|Any CPU
		{0F53040E-87A5-FDE1-5328-90D9471EF555}.Release|Any CPU.Build.0 = Release|Any CPU
		{B3F7A2D0-7F66-1A1B-0F70-8DF955FC651D}.Debug|Any CPU.ActiveCfg = Debug|Any CPU
		{B3F7A2D0-7F66-1A1B-0F70-8DF955FC651D}.Debug|Any CPU.Build.0 = Debug|Any CPU
		{B3F7A2D0-7F66-1A1B-0F70-8DF955FC651D}.Release|Any CPU.ActiveCfg = Release|Any CPU
		{B3F7A2D0-7F66-1A1B-0F70-8DF955FC651D}.Release|Any CPU.Build.0 = Release|Any CPU
		{1EA23B14-CDC6-A071-F860-F030D2046954}.Debug|Any CPU.ActiveCfg = Debug|Any CPU
		{1EA23B14-CDC6-A071-F860-F030D2046954}.Debug|Any CPU.Build.0 = Debug|Any CPU
		{1EA23B14-CDC6-A071-F860-F030D2046954}.Release|Any CPU.ActiveCfg = Release|Any CPU
		{1EA23B14-CDC6-A071-F860-F030D2046954}.Release|Any CPU.Build.0 = Release|Any CPU
		{C76098B8-CA8C-52FE-9BD1-017F86111FBF}.Debug|Any CPU.ActiveCfg = Debug|Any CPU
		{C76098B8-CA8C-52FE-9BD1-017F86111FBF}.Debug|Any CPU.Build.0 = Debug|Any CPU
		{C76098B8-CA8C-52FE-9BD1-017F86111FBF}.Release|Any CPU.ActiveCfg = Release|Any CPU
		{C76098B8-CA8C-52FE-9BD1-017F86111FBF}.Release|Any CPU.Build.0 = Release|Any CPU
		{A4A5D3DD-E3D3-9FCE-ED37-D6A9A87A9D2F}.Debug|Any CPU.ActiveCfg = Debug|Any CPU
		{A4A5D3DD-E3D3-9FCE-ED37-D6A9A87A9D2F}.Debug|Any CPU.Build.0 = Debug|Any CPU
		{A4A5D3DD-E3D3-9FCE-ED37-D6A9A87A9D2F}.Release|Any CPU.ActiveCfg = Release|Any CPU
		{A4A5D3DD-E3D3-9FCE-ED37-D6A9A87A9D2F}.Release|Any CPU.Build.0 = Release|Any CPU
		{392ABCB9-76B2-4969-B93F-169EE1B1B962}.Debug|Any CPU.ActiveCfg = Debug|Any CPU
		{392ABCB9-76B2-4969-B93F-169EE1B1B962}.Debug|Any CPU.Build.0 = Debug|Any CPU
		{392ABCB9-76B2-4969-B93F-169EE1B1B962}.Release|Any CPU.ActiveCfg = Release|Any CPU
		{392ABCB9-76B2-4969-B93F-169EE1B1B962}.Release|Any CPU.Build.0 = Release|Any CPU
		{5E8BE4E1-FCEC-40E5-2946-0C3993D70DDB}.Debug|Any CPU.ActiveCfg = Debug|Any CPU
		{5E8BE4E1-FCEC-40E5-2946-0C3993D70DDB}.Debug|Any CPU.Build.0 = Debug|Any CPU
		{5E8BE4E1-FCEC-40E5-2946-0C3993D70DDB}.Release|Any CPU.ActiveCfg = Release|Any CPU
		{5E8BE4E1-FCEC-40E5-2946-0C3993D70DDB}.Release|Any CPU.Build.0 = Release|Any CPU
		{976A8A3A-57DB-BAD9-FD1F-07820BCA9D3E}.Debug|Any CPU.ActiveCfg = Debug|Any CPU
		{976A8A3A-57DB-BAD9-FD1F-07820BCA9D3E}.Debug|Any CPU.Build.0 = Debug|Any CPU
		{976A8A3A-57DB-BAD9-FD1F-07820BCA9D3E}.Release|Any CPU.ActiveCfg = Release|Any CPU
		{976A8A3A-57DB-BAD9-FD1F-07820BCA9D3E}.Release|Any CPU.Build.0 = Release|Any CPU
		{A7009F6D-256D-DFCF-7225-9A4C1E46DF56}.Debug|Any CPU.ActiveCfg = Debug|Any CPU
		{A7009F6D-256D-DFCF-7225-9A4C1E46DF56}.Debug|Any CPU.Build.0 = Debug|Any CPU
		{A7009F6D-256D-DFCF-7225-9A4C1E46DF56}.Release|Any CPU.ActiveCfg = Release|Any CPU
		{A7009F6D-256D-DFCF-7225-9A4C1E46DF56}.Release|Any CPU.Build.0 = Release|Any CPU
		{1B8C2985-3CC5-94EA-76C4-C235EA36847E}.Debug|Any CPU.ActiveCfg = Debug|Any CPU
		{1B8C2985-3CC5-94EA-76C4-C235EA36847E}.Debug|Any CPU.Build.0 = Debug|Any CPU
		{1B8C2985-3CC5-94EA-76C4-C235EA36847E}.Release|Any CPU.ActiveCfg = Release|Any CPU
		{1B8C2985-3CC5-94EA-76C4-C235EA36847E}.Release|Any CPU.Build.0 = Release|Any CPU
		{6D09E497-893B-C170-7C72-72EB5116B11F}.Debug|Any CPU.ActiveCfg = Debug|Any CPU
		{6D09E497-893B-C170-7C72-72EB5116B11F}.Debug|Any CPU.Build.0 = Debug|Any CPU
		{6D09E497-893B-C170-7C72-72EB5116B11F}.Release|Any CPU.ActiveCfg = Release|Any CPU
		{6D09E497-893B-C170-7C72-72EB5116B11F}.Release|Any CPU.Build.0 = Release|Any CPU
		{EE439E8E-EF3F-3A9F-4DBB-7AE4357C2766}.Debug|Any CPU.ActiveCfg = Debug|Any CPU
		{EE439E8E-EF3F-3A9F-4DBB-7AE4357C2766}.Release|Any CPU.ActiveCfg = Release|Any CPU
		{EE439E8E-EF3F-3A9F-4DBB-7AE4357C2766}.Release|Any CPU.Build.0 = Release|Any CPU
		{451666AA-9990-E821-5320-6A5407CD40F5}.Debug|Any CPU.ActiveCfg = Debug|Any CPU
		{451666AA-9990-E821-5320-6A5407CD40F5}.Debug|Any CPU.Build.0 = Debug|Any CPU
		{451666AA-9990-E821-5320-6A5407CD40F5}.Release|Any CPU.ActiveCfg = Release|Any CPU
		{451666AA-9990-E821-5320-6A5407CD40F5}.Release|Any CPU.Build.0 = Release|Any CPU
		{FB3AFFD9-AB08-64F6-3132-4BA1CEF42935}.Debug|Any CPU.ActiveCfg = Debug|Any CPU
		{FB3AFFD9-AB08-64F6-3132-4BA1CEF42935}.Debug|Any CPU.Build.0 = Debug|Any CPU
		{FB3AFFD9-AB08-64F6-3132-4BA1CEF42935}.Release|Any CPU.ActiveCfg = Release|Any CPU
		{FB3AFFD9-AB08-64F6-3132-4BA1CEF42935}.Release|Any CPU.Build.0 = Release|Any CPU
		{1FBB8310-BF03-D3EB-F2D7-C482891DD4D6}.Debug|Any CPU.ActiveCfg = Debug|Any CPU
		{1FBB8310-BF03-D3EB-F2D7-C482891DD4D6}.Debug|Any CPU.Build.0 = Debug|Any CPU
		{1FBB8310-BF03-D3EB-F2D7-C482891DD4D6}.Release|Any CPU.ActiveCfg = Release|Any CPU
		{1FBB8310-BF03-D3EB-F2D7-C482891DD4D6}.Release|Any CPU.Build.0 = Release|Any CPU
	EndGlobalSection
	GlobalSection(SolutionProperties) = preSolution
		HideSolutionNode = FALSE
	EndGlobalSection
	GlobalSection(NestedProjects) = preSolution
		{507ED4D1-B4F6-4D8E-9400-0F42E29E825D} = {40704725-46AC-4365-8F16-4221FBC7B954}
		{36C697FD-557E-4357-AD1D-5E71EB1B9F8B} = {40704725-46AC-4365-8F16-4221FBC7B954}
		{7230D28F-1A47-4320-90DD-B659B1839382} = {40704725-46AC-4365-8F16-4221FBC7B954}
		{EE96B1B3-C4CC-4D58-B19A-B4FF850240B4} = {40704725-46AC-4365-8F16-4221FBC7B954}
		{5A5EE9E0-7AC4-43B8-895F-9987237CA6E6} = {40704725-46AC-4365-8F16-4221FBC7B954}
		{A30EA4FD-1AE1-4E00-AE0B-35F9811E4E05} = {40704725-46AC-4365-8F16-4221FBC7B954}
		{DD390C6D-219C-733A-8D89-C49116275AEF} = {40704725-46AC-4365-8F16-4221FBC7B954}
		{F996A73D-15EF-138D-1223-3274F4B49A93} = {40704725-46AC-4365-8F16-4221FBC7B954}
		{6E28571F-CB48-A537-D2B3-97482ABE71A0} = {40704725-46AC-4365-8F16-4221FBC7B954}
		{1AC40DB7-A377-1B94-CEA4-0CB01FA3D5BB} = {40704725-46AC-4365-8F16-4221FBC7B954}
		{B8408501-3708-7EC2-4703-6545C7C03332} = {40704725-46AC-4365-8F16-4221FBC7B954}
		{1E872850-39FA-0D23-65BF-486B9D2F9A7B} = {40704725-46AC-4365-8F16-4221FBC7B954}
		{8D8D50B7-D816-B280-9BEE-E5B87B350CA5} = {40704725-46AC-4365-8F16-4221FBC7B954}
		{C08131EA-1868-BA47-A50F-8095D24F2822} = {40704725-46AC-4365-8F16-4221FBC7B954}
		{1B0F67C6-0972-DBB2-5470-0B882595690C} = {40704725-46AC-4365-8F16-4221FBC7B954}
		{26FFFC39-C010-DC61-B8E1-7F9E3B9A9BCA} = {40704725-46AC-4365-8F16-4221FBC7B954}
		{BACC521E-9B43-4945-CB72-CED7C4D5CC4E} = {40704725-46AC-4365-8F16-4221FBC7B954}
		{B1E617FE-AC6F-7109-636F-C763344CAB9D} = {40704725-46AC-4365-8F16-4221FBC7B954}
		{F2DA71C8-AB50-E094-4451-ED9DD35761D1} = {40704725-46AC-4365-8F16-4221FBC7B954}
		{09C3B43B-8515-67E2-82E7-967ECFBBE597} = {40704725-46AC-4365-8F16-4221FBC7B954}
		{C03A2BFB-BFB4-A3DF-A2EB-8585CF1A81A8} = {40704725-46AC-4365-8F16-4221FBC7B954}
		{33A38BDB-6615-BF00-093E-47F6EBF4342D} = {40704725-46AC-4365-8F16-4221FBC7B954}
		{C0DF04A4-6749-D9B2-F845-C17201314D99} = {40704725-46AC-4365-8F16-4221FBC7B954}
		{98C3A050-AEF3-1BD2-34C0-A030687820CE} = {40704725-46AC-4365-8F16-4221FBC7B954}
		{2868BCA1-9121-89E1-5457-F82190DB9C36} = {92368A75-6D8F-4E65-B336-0E99336BA8A0}
		{6FD0BCAC-815D-3666-5438-E7957379A1D6} = {92368A75-6D8F-4E65-B336-0E99336BA8A0}
		{3520E408-32D5-EE79-355F-45348CA3E9B4} = {92368A75-6D8F-4E65-B336-0E99336BA8A0}
		{C62890ED-238A-5A53-ECE3-F5C7DD2AF18B} = {92368A75-6D8F-4E65-B336-0E99336BA8A0}
		{EA0B1BC9-8579-B842-BD53-3460326DBE4D} = {92368A75-6D8F-4E65-B336-0E99336BA8A0}
		{B5C06025-3767-2C94-9305-758BB6040FB2} = {92368A75-6D8F-4E65-B336-0E99336BA8A0}
		{5BE33AA5-804B-A444-ED3A-386116FD39B2} = {33A3F691-89D7-4FBC-9943-D02D75FC2C7F}
		{B5359206-A9E5-2669-6F35-54FC8B9BC1E4} = {33A3F691-89D7-4FBC-9943-D02D75FC2C7F}
		{374F8176-150A-27DE-EC4A-20D99C5820B0} = {33A3F691-89D7-4FBC-9943-D02D75FC2C7F}
		{9D6E6C56-FC63-DA1A-4B26-EA251C48A8AD} = {33A3F691-89D7-4FBC-9943-D02D75FC2C7F}
		{D6641B80-7C88-F940-A2AA-A411607B041E} = {33A3F691-89D7-4FBC-9943-D02D75FC2C7F}
		{0AF69CA4-CA6A-E4A4-6EFF-86E018152E41} = {33A3F691-89D7-4FBC-9943-D02D75FC2C7F}
		{074B05FE-C2DC-663B-8777-A6B843DD848E} = {33A3F691-89D7-4FBC-9943-D02D75FC2C7F}
		{44B5B701-D76D-3ECD-9E1C-A050DB82E9F2} = {33A3F691-89D7-4FBC-9943-D02D75FC2C7F}
		{CC019080-818C-CC37-0F2B-844CCB7E4878} = {33A3F691-89D7-4FBC-9943-D02D75FC2C7F}
		{30F0D4BB-D4BE-A9EE-CE40-92733550CE35} = {33A3F691-89D7-4FBC-9943-D02D75FC2C7F}
		{5300F9D8-CAEC-DABA-9C7C-479338C0FE13} = {33A3F691-89D7-4FBC-9943-D02D75FC2C7F}
		{028967B8-FAD4-1F7C-B9FE-53FF1A0029EB} = {40704725-46AC-4365-8F16-4221FBC7B954}
		{9FF8B82D-8FBE-55F1-7A34-94C644A5C922} = {0D818455-A444-4522-A8EF-72AAEB4E8B31}
		{AFC3CBD4-A1B8-8B33-EF2A-BA9A4CDC1788} = {0D818455-A444-4522-A8EF-72AAEB4E8B31}
		{838E1CD5-BCF1-680A-59CE-D1428E8F93CB} = {0D818455-A444-4522-A8EF-72AAEB4E8B31}
		{E6085CE0-6A21-DA78-4876-3DE4D4531468} = {0D818455-A444-4522-A8EF-72AAEB4E8B31}
		{78A756B0-9DB6-8866-CE4D-BA2AB3620395} = {0D818455-A444-4522-A8EF-72AAEB4E8B31}
		{98704B1F-3508-7E85-687B-7A986A32AF80} = {0D818455-A444-4522-A8EF-72AAEB4E8B31}
		{DFD411F6-8C3A-4C37-F53F-E4A915D17479} = {0D818455-A444-4522-A8EF-72AAEB4E8B31}
		{401712B3-811B-47A5-64CA-1DE3887DAF31} = {0D818455-A444-4522-A8EF-72AAEB4E8B31}
		{26EFA054-5A1D-35E1-065C-8A696002583A} = {0D818455-A444-4522-A8EF-72AAEB4E8B31}
		{76186D1B-561B-9028-AF61-B5314E424A13} = {0D818455-A444-4522-A8EF-72AAEB4E8B31}
		{0F53040E-87A5-FDE1-5328-90D9471EF555} = {0D406D0C-0AF8-4424-A5A9-F0E89B062AF1}
		{B3F7A2D0-7F66-1A1B-0F70-8DF955FC651D} = {0D406D0C-0AF8-4424-A5A9-F0E89B062AF1}
		{1EA23B14-CDC6-A071-F860-F030D2046954} = {0D406D0C-0AF8-4424-A5A9-F0E89B062AF1}
		{C76098B8-CA8C-52FE-9BD1-017F86111FBF} = {0D406D0C-0AF8-4424-A5A9-F0E89B062AF1}
		{A4A5D3DD-E3D3-9FCE-ED37-D6A9A87A9D2F} = {0D406D0C-0AF8-4424-A5A9-F0E89B062AF1}
		{392ABCB9-76B2-4969-B93F-169EE1B1B962} = {0D406D0C-0AF8-4424-A5A9-F0E89B062AF1}
		{5E8BE4E1-FCEC-40E5-2946-0C3993D70DDB} = {0D406D0C-0AF8-4424-A5A9-F0E89B062AF1}
		{976A8A3A-57DB-BAD9-FD1F-07820BCA9D3E} = {40704725-46AC-4365-8F16-4221FBC7B954}
		{A7009F6D-256D-DFCF-7225-9A4C1E46DF56} = {6539DA06-5CA5-4DF8-8EF8-5B66492AB840}
		{1B8C2985-3CC5-94EA-76C4-C235EA36847E} = {6539DA06-5CA5-4DF8-8EF8-5B66492AB840}
		{6D09E497-893B-C170-7C72-72EB5116B11F} = {6539DA06-5CA5-4DF8-8EF8-5B66492AB840}
		{EE439E8E-EF3F-3A9F-4DBB-7AE4357C2766} = {DB87B92A-FD3C-481F-9051-B9FE42DEB107}
		{451666AA-9990-E821-5320-6A5407CD40F5} = {6539DA06-5CA5-4DF8-8EF8-5B66492AB840}
		{FB3AFFD9-AB08-64F6-3132-4BA1CEF42935} = {6539DA06-5CA5-4DF8-8EF8-5B66492AB840}
		{1FBB8310-BF03-D3EB-F2D7-C482891DD4D6} = {6539DA06-5CA5-4DF8-8EF8-5B66492AB840}
	EndGlobalSection
	GlobalSection(ExtensibilityGlobals) = postSolution
		SolutionGuid = {BC30BA1E-E6FB-4891-9406-124A66B79398}
	EndGlobalSection
EndGlobal
